// !$*UTF8*$!
{
	archiveVersion = 1;
	classes = {
	};
	objectVersion = 46;
	objects = {

/* Begin PBXBuildFile section */
		4B0223901DFB0F0300B447E2 /* AppDelegate.swift in Sources */ = {isa = PBXBuildFile; fileRef = 4B02238F1DFB0F0300B447E2 /* AppDelegate.swift */; };
		4B0223921DFB0F0300B447E2 /* EmailViewController.swift in Sources */ = {isa = PBXBuildFile; fileRef = 4B0223911DFB0F0300B447E2 /* EmailViewController.swift */; };
		4B0223951DFB0F0300B447E2 /* Main.storyboard in Resources */ = {isa = PBXBuildFile; fileRef = 4B0223931DFB0F0300B447E2 /* Main.storyboard */; };
		4B0223971DFB0F0300B447E2 /* Assets.xcassets in Resources */ = {isa = PBXBuildFile; fileRef = 4B0223961DFB0F0300B447E2 /* Assets.xcassets */; };
		4B02239A1DFB0F0300B447E2 /* LaunchScreen.storyboard in Resources */ = {isa = PBXBuildFile; fileRef = 4B0223981DFB0F0300B447E2 /* LaunchScreen.storyboard */; };
		4B0223A51DFB0F0300B447E2 /* HelpScoutTests.swift in Sources */ = {isa = PBXBuildFile; fileRef = 4B0223A41DFB0F0300B447E2 /* HelpScoutTests.swift */; };
		4B0223B01DFB0F0300B447E2 /* HelpScoutUITests.swift in Sources */ = {isa = PBXBuildFile; fileRef = 4B0223AF1DFB0F0300B447E2 /* HelpScoutUITests.swift */; };
		4B3B63621DFF25C4005C91B5 /* SettingViewController.swift in Sources */ = {isa = PBXBuildFile; fileRef = 4B3B63601DFF25C4005C91B5 /* SettingViewController.swift */; };
		4B3B63631DFF25C4005C91B5 /* SlideoutViewController.swift in Sources */ = {isa = PBXBuildFile; fileRef = 4B3B63611DFF25C4005C91B5 /* SlideoutViewController.swift */; };
		4B3B63691DFF2A21005C91B5 /* SWRevealViewController.m in Sources */ = {isa = PBXBuildFile; fileRef = 4B3B63681DFF2A21005C91B5 /* SWRevealViewController.m */; };
		4B3B636A1DFF2A21005C91B5 /* SWRevealViewController.m in Sources */ = {isa = PBXBuildFile; fileRef = 4B3B63681DFF2A21005C91B5 /* SWRevealViewController.m */; };
		4B3B636B1DFF2A21005C91B5 /* SWRevealViewController.m in Sources */ = {isa = PBXBuildFile; fileRef = 4B3B63681DFF2A21005C91B5 /* SWRevealViewController.m */; };
		4B3B636D1E005E29005C91B5 /* SlideMenuCell.swift in Sources */ = {isa = PBXBuildFile; fileRef = 4B3B636C1E005E29005C91B5 /* SlideMenuCell.swift */; };
		4B3B636E1E005E2A005C91B5 /* SlideMenuCell.swift in Sources */ = {isa = PBXBuildFile; fileRef = 4B3B636C1E005E29005C91B5 /* SlideMenuCell.swift */; };
		4B3B636F1E005E2A005C91B5 /* SlideMenuCell.swift in Sources */ = {isa = PBXBuildFile; fileRef = 4B3B636C1E005E29005C91B5 /* SlideMenuCell.swift */; };
		4B3B637A1E01BC61005C91B5 /* DropMenuViewController.swift in Sources */ = {isa = PBXBuildFile; fileRef = 4B3B63791E01BC61005C91B5 /* DropMenuViewController.swift */; };
		4B3B637B1E01BC61005C91B5 /* DropMenuViewController.swift in Sources */ = {isa = PBXBuildFile; fileRef = 4B3B63791E01BC61005C91B5 /* DropMenuViewController.swift */; };
		4B3B637C1E01BC61005C91B5 /* DropMenuViewController.swift in Sources */ = {isa = PBXBuildFile; fileRef = 4B3B63791E01BC61005C91B5 /* DropMenuViewController.swift */; };
		4B3B63831E03118A005C91B5 /* BTNavigationDropdownMenu.bundle in Resources */ = {isa = PBXBuildFile; fileRef = 4B3B63811E03118A005C91B5 /* BTNavigationDropdownMenu.bundle */; };
		4B3B63841E03118A005C91B5 /* BTNavigationDropdownMenu.bundle in Resources */ = {isa = PBXBuildFile; fileRef = 4B3B63811E03118A005C91B5 /* BTNavigationDropdownMenu.bundle */; };
		4B3B63851E03118A005C91B5 /* BTNavigationDropdownMenu.bundle in Resources */ = {isa = PBXBuildFile; fileRef = 4B3B63811E03118A005C91B5 /* BTNavigationDropdownMenu.bundle */; };
		4B3B63861E03118A005C91B5 /* BTNavigationDropdownMenu.swift in Sources */ = {isa = PBXBuildFile; fileRef = 4B3B63821E03118A005C91B5 /* BTNavigationDropdownMenu.swift */; };
		4B3B63871E03118A005C91B5 /* BTNavigationDropdownMenu.swift in Sources */ = {isa = PBXBuildFile; fileRef = 4B3B63821E03118A005C91B5 /* BTNavigationDropdownMenu.swift */; };
		4B3B63881E03118A005C91B5 /* BTNavigationDropdownMenu.swift in Sources */ = {isa = PBXBuildFile; fileRef = 4B3B63821E03118A005C91B5 /* BTNavigationDropdownMenu.swift */; };
		4B88DD391E085470000CBC39 /* MenuTransitionManager.swift in Sources */ = {isa = PBXBuildFile; fileRef = 4B88DD361E085470000CBC39 /* MenuTransitionManager.swift */; };
		4B88DD3A1E085470000CBC39 /* MenuTableViewController.swift in Sources */ = {isa = PBXBuildFile; fileRef = 4B88DD371E085470000CBC39 /* MenuTableViewController.swift */; };
		4B88DD3B1E085470000CBC39 /* MenuTableViewCell.swift in Sources */ = {isa = PBXBuildFile; fileRef = 4B88DD381E085470000CBC39 /* MenuTableViewCell.swift */; };
		4B88DD3F1E086B1F000CBC39 /* NewsTableViewController.swift in Sources */ = {isa = PBXBuildFile; fileRef = 4B88DD3D1E086B1F000CBC39 /* NewsTableViewController.swift */; };
		4B88DD401E086B1F000CBC39 /* NewsTableViewCell.swift in Sources */ = {isa = PBXBuildFile; fileRef = 4B88DD3E1E086B1F000CBC39 /* NewsTableViewCell.swift */; };
		4BAC31081DFB2D1500B4EC9C /* EmailTVC.swift in Sources */ = {isa = PBXBuildFile; fileRef = 4BAC31071DFB2D1500B4EC9C /* EmailTVC.swift */; };
		4BAC310A1DFB2D3800B4EC9C /* Emails.swift in Sources */ = {isa = PBXBuildFile; fileRef = 4BAC31091DFB2D3800B4EC9C /* Emails.swift */; };
		86C4D8D600E9FEF15CCA95D8 /* Pods_HelpScout.framework in Frameworks */ = {isa = PBXBuildFile; fileRef = E5663D4EE5A9655BDC58782E /* Pods_HelpScout.framework */; };
/* End PBXBuildFile section */

/* Begin PBXContainerItemProxy section */
		4B0223A11DFB0F0300B447E2 /* PBXContainerItemProxy */ = {
			isa = PBXContainerItemProxy;
			containerPortal = 4B0223841DFB0F0300B447E2 /* Project object */;
			proxyType = 1;
			remoteGlobalIDString = 4B02238B1DFB0F0300B447E2;
			remoteInfo = HelpScout;
		};
		4B0223AC1DFB0F0300B447E2 /* PBXContainerItemProxy */ = {
			isa = PBXContainerItemProxy;
			containerPortal = 4B0223841DFB0F0300B447E2 /* Project object */;
			proxyType = 1;
			remoteGlobalIDString = 4B02238B1DFB0F0300B447E2;
			remoteInfo = HelpScout;
		};
/* End PBXContainerItemProxy section */

/* Begin PBXFileReference section */
		4A5772B94D76C7FC85B56875 /* Pods-HelpScout.release.xcconfig */ = {isa = PBXFileReference; includeInIndex = 1; lastKnownFileType = text.xcconfig; name = "Pods-HelpScout.release.xcconfig"; path = "Pods/Target Support Files/Pods-HelpScout/Pods-HelpScout.release.xcconfig"; sourceTree = "<group>"; };
		4B02238C1DFB0F0300B447E2 /* HelpScout.app */ = {isa = PBXFileReference; explicitFileType = wrapper.application; includeInIndex = 0; path = HelpScout.app; sourceTree = BUILT_PRODUCTS_DIR; };
		4B02238F1DFB0F0300B447E2 /* AppDelegate.swift */ = {isa = PBXFileReference; lastKnownFileType = sourcecode.swift; path = AppDelegate.swift; sourceTree = "<group>"; };
		4B0223911DFB0F0300B447E2 /* EmailViewController.swift */ = {isa = PBXFileReference; lastKnownFileType = sourcecode.swift; path = EmailViewController.swift; sourceTree = "<group>"; };
		4B0223941DFB0F0300B447E2 /* Base */ = {isa = PBXFileReference; lastKnownFileType = file.storyboard; name = Base; path = Base.lproj/Main.storyboard; sourceTree = "<group>"; };
		4B0223961DFB0F0300B447E2 /* Assets.xcassets */ = {isa = PBXFileReference; lastKnownFileType = folder.assetcatalog; path = Assets.xcassets; sourceTree = "<group>"; };
		4B0223991DFB0F0300B447E2 /* Base */ = {isa = PBXFileReference; lastKnownFileType = file.storyboard; name = Base; path = Base.lproj/LaunchScreen.storyboard; sourceTree = "<group>"; };
		4B02239B1DFB0F0300B447E2 /* Info.plist */ = {isa = PBXFileReference; lastKnownFileType = text.plist.xml; path = Info.plist; sourceTree = "<group>"; };
		4B0223A01DFB0F0300B447E2 /* HelpScoutTests.xctest */ = {isa = PBXFileReference; explicitFileType = wrapper.cfbundle; includeInIndex = 0; path = HelpScoutTests.xctest; sourceTree = BUILT_PRODUCTS_DIR; };
		4B0223A41DFB0F0300B447E2 /* HelpScoutTests.swift */ = {isa = PBXFileReference; lastKnownFileType = sourcecode.swift; path = HelpScoutTests.swift; sourceTree = "<group>"; };
		4B0223A61DFB0F0300B447E2 /* Info.plist */ = {isa = PBXFileReference; lastKnownFileType = text.plist.xml; path = Info.plist; sourceTree = "<group>"; };
		4B0223AB1DFB0F0300B447E2 /* HelpScoutUITests.xctest */ = {isa = PBXFileReference; explicitFileType = wrapper.cfbundle; includeInIndex = 0; path = HelpScoutUITests.xctest; sourceTree = BUILT_PRODUCTS_DIR; };
		4B0223AF1DFB0F0300B447E2 /* HelpScoutUITests.swift */ = {isa = PBXFileReference; lastKnownFileType = sourcecode.swift; path = HelpScoutUITests.swift; sourceTree = "<group>"; };
		4B0223B11DFB0F0300B447E2 /* Info.plist */ = {isa = PBXFileReference; lastKnownFileType = text.plist.xml; path = Info.plist; sourceTree = "<group>"; };
		4B3B63601DFF25C4005C91B5 /* SettingViewController.swift */ = {isa = PBXFileReference; fileEncoding = 4; lastKnownFileType = sourcecode.swift; path = SettingViewController.swift; sourceTree = "<group>"; };
		4B3B63611DFF25C4005C91B5 /* SlideoutViewController.swift */ = {isa = PBXFileReference; fileEncoding = 4; lastKnownFileType = sourcecode.swift; path = SlideoutViewController.swift; sourceTree = "<group>"; };
		4B3B63641DFF2A20005C91B5 /* HelpScout-Bridging-Header.h */ = {isa = PBXFileReference; lastKnownFileType = sourcecode.c.h; path = "HelpScout-Bridging-Header.h"; sourceTree = "<group>"; };
		4B3B63671DFF2A21005C91B5 /* SWRevealViewController.h */ = {isa = PBXFileReference; fileEncoding = 4; lastKnownFileType = sourcecode.c.h; path = SWRevealViewController.h; sourceTree = "<group>"; };
		4B3B63681DFF2A21005C91B5 /* SWRevealViewController.m */ = {isa = PBXFileReference; fileEncoding = 4; lastKnownFileType = sourcecode.c.objc; path = SWRevealViewController.m; sourceTree = "<group>"; };
		4B3B636C1E005E29005C91B5 /* SlideMenuCell.swift */ = {isa = PBXFileReference; fileEncoding = 4; lastKnownFileType = sourcecode.swift; path = SlideMenuCell.swift; sourceTree = "<group>"; };
		4B3B63791E01BC61005C91B5 /* DropMenuViewController.swift */ = {isa = PBXFileReference; fileEncoding = 4; lastKnownFileType = sourcecode.swift; path = DropMenuViewController.swift; sourceTree = "<group>"; };
		4B3B63811E03118A005C91B5 /* BTNavigationDropdownMenu.bundle */ = {isa = PBXFileReference; lastKnownFileType = "wrapper.plug-in"; path = BTNavigationDropdownMenu.bundle; sourceTree = "<group>"; };
		4B3B63821E03118A005C91B5 /* BTNavigationDropdownMenu.swift */ = {isa = PBXFileReference; fileEncoding = 4; lastKnownFileType = sourcecode.swift; path = BTNavigationDropdownMenu.swift; sourceTree = "<group>"; };
		4B88DD361E085470000CBC39 /* MenuTransitionManager.swift */ = {isa = PBXFileReference; fileEncoding = 4; lastKnownFileType = sourcecode.swift; path = MenuTransitionManager.swift; sourceTree = "<group>"; };
		4B88DD371E085470000CBC39 /* MenuTableViewController.swift */ = {isa = PBXFileReference; fileEncoding = 4; lastKnownFileType = sourcecode.swift; path = MenuTableViewController.swift; sourceTree = "<group>"; };
		4B88DD381E085470000CBC39 /* MenuTableViewCell.swift */ = {isa = PBXFileReference; fileEncoding = 4; lastKnownFileType = sourcecode.swift; path = MenuTableViewCell.swift; sourceTree = "<group>"; };
		4B88DD3D1E086B1F000CBC39 /* NewsTableViewController.swift */ = {isa = PBXFileReference; fileEncoding = 4; lastKnownFileType = sourcecode.swift; path = NewsTableViewController.swift; sourceTree = "<group>"; };
		4B88DD3E1E086B1F000CBC39 /* NewsTableViewCell.swift */ = {isa = PBXFileReference; fileEncoding = 4; lastKnownFileType = sourcecode.swift; path = NewsTableViewCell.swift; sourceTree = "<group>"; };
		4BAC31051DFB218100B4EC9C /* Bridge.h */ = {isa = PBXFileReference; fileEncoding = 4; lastKnownFileType = sourcecode.c.h; path = Bridge.h; sourceTree = "<group>"; };
		4BAC31071DFB2D1500B4EC9C /* EmailTVC.swift */ = {isa = PBXFileReference; fileEncoding = 4; lastKnownFileType = sourcecode.swift; path = EmailTVC.swift; sourceTree = "<group>"; };
		4BAC31091DFB2D3800B4EC9C /* Emails.swift */ = {isa = PBXFileReference; fileEncoding = 4; lastKnownFileType = sourcecode.swift; path = Emails.swift; sourceTree = "<group>"; };
		C12A49026E95AF51AAE5E0F8 /* Pods-HelpScout.debug.xcconfig */ = {isa = PBXFileReference; includeInIndex = 1; lastKnownFileType = text.xcconfig; name = "Pods-HelpScout.debug.xcconfig"; path = "Pods/Target Support Files/Pods-HelpScout/Pods-HelpScout.debug.xcconfig"; sourceTree = "<group>"; };
		E5663D4EE5A9655BDC58782E /* Pods_HelpScout.framework */ = {isa = PBXFileReference; explicitFileType = wrapper.framework; includeInIndex = 0; path = Pods_HelpScout.framework; sourceTree = BUILT_PRODUCTS_DIR; };
/* End PBXFileReference section */

/* Begin PBXFrameworksBuildPhase section */
		4B0223891DFB0F0300B447E2 /* Frameworks */ = {
			isa = PBXFrameworksBuildPhase;
			buildActionMask = 2147483647;
			files = (
				86C4D8D600E9FEF15CCA95D8 /* Pods_HelpScout.framework in Frameworks */,
			);
			runOnlyForDeploymentPostprocessing = 0;
		};
		4B02239D1DFB0F0300B447E2 /* Frameworks */ = {
			isa = PBXFrameworksBuildPhase;
			buildActionMask = 2147483647;
			files = (
			);
			runOnlyForDeploymentPostprocessing = 0;
		};
		4B0223A81DFB0F0300B447E2 /* Frameworks */ = {
			isa = PBXFrameworksBuildPhase;
			buildActionMask = 2147483647;
			files = (
			);
			runOnlyForDeploymentPostprocessing = 0;
		};
/* End PBXFrameworksBuildPhase section */

/* Begin PBXGroup section */
		4B0223831DFB0F0300B447E2 = {
			isa = PBXGroup;
			children = (
				4B02238E1DFB0F0300B447E2 /* Source */,
				4B3B63781E01BC33005C91B5 /* DropMenu */,
				4B0223A31DFB0F0300B447E2 /* Tests */,
				4B0223AE1DFB0F0300B447E2 /* UITests */,
				4B02238D1DFB0F0300B447E2 /* Products */,
				DC5B8FF5799FBC2896A5C814 /* Pods */,
				4DF1687272D9EE8B81565A24 /* Frameworks */,
			);
			sourceTree = "<group>";
		};
		4B02238D1DFB0F0300B447E2 /* Products */ = {
			isa = PBXGroup;
			children = (
				4B02238C1DFB0F0300B447E2 /* HelpScout.app */,
				4B0223A01DFB0F0300B447E2 /* HelpScoutTests.xctest */,
				4B0223AB1DFB0F0300B447E2 /* HelpScoutUITests.xctest */,
			);
			name = Products;
			sourceTree = "<group>";
		};
		4B02238E1DFB0F0300B447E2 /* Source */ = {
			isa = PBXGroup;
			children = (
				4B02238F1DFB0F0300B447E2 /* AppDelegate.swift */,
				4B3B63561DFF2247005C91B5 /* Menu-MailBoxes */,
				4BAC31061DFB2CDE00B4EC9C /* Main-Email */,
				4B88DD351E085329000CBC39 /* Menu-Transition */,
				4B88DD3C1E086A37000CBC39 /* Detalle "Conversación" */,
				4B0223981DFB0F0300B447E2 /* LaunchScreen.storyboard */,
				4B0223931DFB0F0300B447E2 /* Main.storyboard */,
				4B0223961DFB0F0300B447E2 /* Assets.xcassets */,
				4B02239B1DFB0F0300B447E2 /* Info.plist */,
				4BAC31051DFB218100B4EC9C /* Bridge.h */,
			);
			name = Source;
			path = HelpScout;
			sourceTree = "<group>";
		};
		4B0223A31DFB0F0300B447E2 /* Tests */ = {
			isa = PBXGroup;
			children = (
				4B0223A41DFB0F0300B447E2 /* HelpScoutTests.swift */,
				4B0223A61DFB0F0300B447E2 /* Info.plist */,
			);
			name = Tests;
			path = HelpScoutTests;
			sourceTree = "<group>";
		};
		4B0223AE1DFB0F0300B447E2 /* UITests */ = {
			isa = PBXGroup;
			children = (
				4B0223AF1DFB0F0300B447E2 /* HelpScoutUITests.swift */,
				4B0223B11DFB0F0300B447E2 /* Info.plist */,
			);
			name = UITests;
			path = HelpScoutUITests;
			sourceTree = "<group>";
		};
		4B3B63561DFF2247005C91B5 /* Menu-MailBoxes */ = {
			isa = PBXGroup;
			children = (
				4B3B635E1DFF24DE005C91B5 /* Lib-SlideMenu */,
				4B3B63611DFF25C4005C91B5 /* SlideoutViewController.swift */,
				4B3B636C1E005E29005C91B5 /* SlideMenuCell.swift */,
				4B3B635F1DFF24FB005C91B5 /* Vistas-MailBoxes */,
			);
			name = "Menu-MailBoxes";
			sourceTree = "<group>";
		};
		4B3B635E1DFF24DE005C91B5 /* Lib-SlideMenu */ = {
			isa = PBXGroup;
			children = (
				4B3B63681DFF2A21005C91B5 /* SWRevealViewController.m */,
				4B3B63671DFF2A21005C91B5 /* SWRevealViewController.h */,
				4B3B63641DFF2A20005C91B5 /* HelpScout-Bridging-Header.h */,
			);
			name = "Lib-SlideMenu";
			sourceTree = "<group>";
		};
		4B3B635F1DFF24FB005C91B5 /* Vistas-MailBoxes */ = {
			isa = PBXGroup;
			children = (
				4B3B63601DFF25C4005C91B5 /* SettingViewController.swift */,
			);
			name = "Vistas-MailBoxes";
			sourceTree = "<group>";
		};
		4B3B63781E01BC33005C91B5 /* DropMenu */ = {
			isa = PBXGroup;
			children = (
				4B3B63811E03118A005C91B5 /* BTNavigationDropdownMenu.bundle */,
				4B3B63821E03118A005C91B5 /* BTNavigationDropdownMenu.swift */,
				4B3B63791E01BC61005C91B5 /* DropMenuViewController.swift */,
			);
			name = DropMenu;
			path = HelpScout;
			sourceTree = "<group>";
		};
		4B88DD351E085329000CBC39 /* Menu-Transition */ = {
			isa = PBXGroup;
			children = (
				4B88DD361E085470000CBC39 /* MenuTransitionManager.swift */,
				4B88DD371E085470000CBC39 /* MenuTableViewController.swift */,
				4B88DD381E085470000CBC39 /* MenuTableViewCell.swift */,
			);
			name = "Menu-Transition";
			sourceTree = "<group>";
		};
		4B88DD3C1E086A37000CBC39 /* Detalle "Conversación" */ = {
			isa = PBXGroup;
			children = (
				4B88DD3D1E086B1F000CBC39 /* NewsTableViewController.swift */,
				4B88DD3E1E086B1F000CBC39 /* NewsTableViewCell.swift */,
			);
			name = "Detalle \"Conversación\"";
			sourceTree = "<group>";
		};
		4BAC31061DFB2CDE00B4EC9C /* Main-Email */ = {
			isa = PBXGroup;
			children = (
				4B0223911DFB0F0300B447E2 /* EmailViewController.swift */,
				4BAC31071DFB2D1500B4EC9C /* EmailTVC.swift */,
				4BAC31091DFB2D3800B4EC9C /* Emails.swift */,
			);
			name = "Main-Email";
			sourceTree = "<group>";
		};
		4DF1687272D9EE8B81565A24 /* Frameworks */ = {
			isa = PBXGroup;
			children = (
				E5663D4EE5A9655BDC58782E /* Pods_HelpScout.framework */,
			);
			name = Frameworks;
			sourceTree = "<group>";
		};
		DC5B8FF5799FBC2896A5C814 /* Pods */ = {
			isa = PBXGroup;
			children = (
				C12A49026E95AF51AAE5E0F8 /* Pods-HelpScout.debug.xcconfig */,
				4A5772B94D76C7FC85B56875 /* Pods-HelpScout.release.xcconfig */,
			);
			name = Pods;
			sourceTree = "<group>";
		};
/* End PBXGroup section */

/* Begin PBXNativeTarget section */
		4B02238B1DFB0F0300B447E2 /* HelpScout */ = {
			isa = PBXNativeTarget;
			buildConfigurationList = 4B0223B41DFB0F0300B447E2 /* Build configuration list for PBXNativeTarget "HelpScout" */;
			buildPhases = (
				72D8892AAADEEA8FA93417F8 /* [CP] Check Pods Manifest.lock */,
				4B0223881DFB0F0300B447E2 /* Sources */,
				4B0223891DFB0F0300B447E2 /* Frameworks */,
				4B02238A1DFB0F0300B447E2 /* Resources */,
				ABF0737A7957C98B5F73E7E8 /* [CP] Embed Pods Frameworks */,
				125677C9C0F6E92083303CF0 /* [CP] Copy Pods Resources */,
			);
			buildRules = (
			);
			dependencies = (
			);
			name = HelpScout;
			productName = HelpScout;
			productReference = 4B02238C1DFB0F0300B447E2 /* HelpScout.app */;
			productType = "com.apple.product-type.application";
		};
		4B02239F1DFB0F0300B447E2 /* HelpScoutTests */ = {
			isa = PBXNativeTarget;
			buildConfigurationList = 4B0223B71DFB0F0300B447E2 /* Build configuration list for PBXNativeTarget "HelpScoutTests" */;
			buildPhases = (
				4B02239C1DFB0F0300B447E2 /* Sources */,
				4B02239D1DFB0F0300B447E2 /* Frameworks */,
				4B02239E1DFB0F0300B447E2 /* Resources */,
			);
			buildRules = (
			);
			dependencies = (
				4B0223A21DFB0F0300B447E2 /* PBXTargetDependency */,
			);
			name = HelpScoutTests;
			productName = HelpScoutTests;
			productReference = 4B0223A01DFB0F0300B447E2 /* HelpScoutTests.xctest */;
			productType = "com.apple.product-type.bundle.unit-test";
		};
		4B0223AA1DFB0F0300B447E2 /* HelpScoutUITests */ = {
			isa = PBXNativeTarget;
			buildConfigurationList = 4B0223BA1DFB0F0300B447E2 /* Build configuration list for PBXNativeTarget "HelpScoutUITests" */;
			buildPhases = (
				4B0223A71DFB0F0300B447E2 /* Sources */,
				4B0223A81DFB0F0300B447E2 /* Frameworks */,
				4B0223A91DFB0F0300B447E2 /* Resources */,
			);
			buildRules = (
			);
			dependencies = (
				4B0223AD1DFB0F0300B447E2 /* PBXTargetDependency */,
			);
			name = HelpScoutUITests;
			productName = HelpScoutUITests;
			productReference = 4B0223AB1DFB0F0300B447E2 /* HelpScoutUITests.xctest */;
			productType = "com.apple.product-type.bundle.ui-testing";
		};
/* End PBXNativeTarget section */

/* Begin PBXProject section */
		4B0223841DFB0F0300B447E2 /* Project object */ = {
			isa = PBXProject;
			attributes = {
				LastSwiftUpdateCheck = 0730;
				LastUpgradeCheck = 0720;
				ORGANIZATIONNAME = GlobalSTD;
				TargetAttributes = {
					4B02238B1DFB0F0300B447E2 = {
						CreatedOnToolsVersion = 7.2.1;
						DevelopmentTeam = 8UAAGLAYLP;
					};
					4B02239F1DFB0F0300B447E2 = {
						CreatedOnToolsVersion = 7.2.1;
						TestTargetID = 4B02238B1DFB0F0300B447E2;
					};
					4B0223AA1DFB0F0300B447E2 = {
						CreatedOnToolsVersion = 7.2.1;
						TestTargetID = 4B02238B1DFB0F0300B447E2;
					};
				};
			};
			buildConfigurationList = 4B0223871DFB0F0300B447E2 /* Build configuration list for PBXProject "HelpScout" */;
			compatibilityVersion = "Xcode 3.2";
			developmentRegion = English;
			hasScannedForEncodings = 0;
			knownRegions = (
				en,
				Base,
			);
			mainGroup = 4B0223831DFB0F0300B447E2;
			productRefGroup = 4B02238D1DFB0F0300B447E2 /* Products */;
			projectDirPath = "";
			projectRoot = "";
			targets = (
				4B02238B1DFB0F0300B447E2 /* HelpScout */,
				4B02239F1DFB0F0300B447E2 /* HelpScoutTests */,
				4B0223AA1DFB0F0300B447E2 /* HelpScoutUITests */,
			);
		};
/* End PBXProject section */

/* Begin PBXResourcesBuildPhase section */
		4B02238A1DFB0F0300B447E2 /* Resources */ = {
			isa = PBXResourcesBuildPhase;
			buildActionMask = 2147483647;
			files = (
				4B02239A1DFB0F0300B447E2 /* LaunchScreen.storyboard in Resources */,
				4B0223971DFB0F0300B447E2 /* Assets.xcassets in Resources */,
				4B0223951DFB0F0300B447E2 /* Main.storyboard in Resources */,
				4B3B63831E03118A005C91B5 /* BTNavigationDropdownMenu.bundle in Resources */,
			);
			runOnlyForDeploymentPostprocessing = 0;
		};
		4B02239E1DFB0F0300B447E2 /* Resources */ = {
			isa = PBXResourcesBuildPhase;
			buildActionMask = 2147483647;
			files = (
				4B3B63841E03118A005C91B5 /* BTNavigationDropdownMenu.bundle in Resources */,
			);
			runOnlyForDeploymentPostprocessing = 0;
		};
		4B0223A91DFB0F0300B447E2 /* Resources */ = {
			isa = PBXResourcesBuildPhase;
			buildActionMask = 2147483647;
			files = (
				4B3B63851E03118A005C91B5 /* BTNavigationDropdownMenu.bundle in Resources */,
			);
			runOnlyForDeploymentPostprocessing = 0;
		};
/* End PBXResourcesBuildPhase section */

/* Begin PBXShellScriptBuildPhase section */
		125677C9C0F6E92083303CF0 /* [CP] Copy Pods Resources */ = {
			isa = PBXShellScriptBuildPhase;
			buildActionMask = 2147483647;
			files = (
			);
			inputPaths = (
			);
			name = "[CP] Copy Pods Resources";
			outputPaths = (
			);
			runOnlyForDeploymentPostprocessing = 0;
			shellPath = /bin/sh;
			shellScript = "\"${SRCROOT}/Pods/Target Support Files/Pods-HelpScout/Pods-HelpScout-resources.sh\"\n";
			showEnvVarsInLog = 0;
		};
		72D8892AAADEEA8FA93417F8 /* [CP] Check Pods Manifest.lock */ = {
			isa = PBXShellScriptBuildPhase;
			buildActionMask = 2147483647;
			files = (
			);
			inputPaths = (
			);
			name = "[CP] Check Pods Manifest.lock";
			outputPaths = (
			);
			runOnlyForDeploymentPostprocessing = 0;
			shellPath = /bin/sh;
			shellScript = "diff \"${PODS_ROOT}/../Podfile.lock\" \"${PODS_ROOT}/Manifest.lock\" > /dev/null\nif [[ $? != 0 ]] ; then\n    cat << EOM\nerror: The sandbox is not in sync with the Podfile.lock. Run 'pod install' or update your CocoaPods installation.\nEOM\n    exit 1\nfi\n";
			showEnvVarsInLog = 0;
		};
		ABF0737A7957C98B5F73E7E8 /* [CP] Embed Pods Frameworks */ = {
			isa = PBXShellScriptBuildPhase;
			buildActionMask = 2147483647;
			files = (
			);
			inputPaths = (
			);
			name = "[CP] Embed Pods Frameworks";
			outputPaths = (
			);
			runOnlyForDeploymentPostprocessing = 0;
			shellPath = /bin/sh;
			shellScript = "\"${SRCROOT}/Pods/Target Support Files/Pods-HelpScout/Pods-HelpScout-frameworks.sh\"\n";
			showEnvVarsInLog = 0;
		};
/* End PBXShellScriptBuildPhase section */

/* Begin PBXSourcesBuildPhase section */
		4B0223881DFB0F0300B447E2 /* Sources */ = {
			isa = PBXSourcesBuildPhase;
			buildActionMask = 2147483647;
			files = (
				4B0223921DFB0F0300B447E2 /* EmailViewController.swift in Sources */,
				4B0223901DFB0F0300B447E2 /* AppDelegate.swift in Sources */,
				4B88DD401E086B1F000CBC39 /* NewsTableViewCell.swift in Sources */,
				4B3B63691DFF2A21005C91B5 /* SWRevealViewController.m in Sources */,
				4BAC310A1DFB2D3800B4EC9C /* Emails.swift in Sources */,
				4B88DD391E085470000CBC39 /* MenuTransitionManager.swift in Sources */,
				4B3B636D1E005E29005C91B5 /* SlideMenuCell.swift in Sources */,
				4B3B637A1E01BC61005C91B5 /* DropMenuViewController.swift in Sources */,
				4BAC31081DFB2D1500B4EC9C /* EmailTVC.swift in Sources */,
				4B88DD3A1E085470000CBC39 /* MenuTableViewController.swift in Sources */,
				4B88DD3B1E085470000CBC39 /* MenuTableViewCell.swift in Sources */,
				4B3B63861E03118A005C91B5 /* BTNavigationDropdownMenu.swift in Sources */,
				4B3B63621DFF25C4005C91B5 /* SettingViewController.swift in Sources */,
				4B88DD3F1E086B1F000CBC39 /* NewsTableViewController.swift in Sources */,
				4B3B63631DFF25C4005C91B5 /* SlideoutViewController.swift in Sources */,
			);
			runOnlyForDeploymentPostprocessing = 0;
		};
		4B02239C1DFB0F0300B447E2 /* Sources */ = {
			isa = PBXSourcesBuildPhase;
			buildActionMask = 2147483647;
			files = (
				4B3B637B1E01BC61005C91B5 /* DropMenuViewController.swift in Sources */,
				4B0223A51DFB0F0300B447E2 /* HelpScoutTests.swift in Sources */,
				4B3B63871E03118A005C91B5 /* BTNavigationDropdownMenu.swift in Sources */,
				4B3B636A1DFF2A21005C91B5 /* SWRevealViewController.m in Sources */,
				4B3B636E1E005E2A005C91B5 /* SlideMenuCell.swift in Sources */,
			);
			runOnlyForDeploymentPostprocessing = 0;
		};
		4B0223A71DFB0F0300B447E2 /* Sources */ = {
			isa = PBXSourcesBuildPhase;
			buildActionMask = 2147483647;
			files = (
				4B3B637C1E01BC61005C91B5 /* DropMenuViewController.swift in Sources */,
				4B0223B01DFB0F0300B447E2 /* HelpScoutUITests.swift in Sources */,
				4B3B63881E03118A005C91B5 /* BTNavigationDropdownMenu.swift in Sources */,
				4B3B636B1DFF2A21005C91B5 /* SWRevealViewController.m in Sources */,
				4B3B636F1E005E2A005C91B5 /* SlideMenuCell.swift in Sources */,
			);
			runOnlyForDeploymentPostprocessing = 0;
		};
/* End PBXSourcesBuildPhase section */

/* Begin PBXTargetDependency section */
		4B0223A21DFB0F0300B447E2 /* PBXTargetDependency */ = {
			isa = PBXTargetDependency;
			target = 4B02238B1DFB0F0300B447E2 /* HelpScout */;
			targetProxy = 4B0223A11DFB0F0300B447E2 /* PBXContainerItemProxy */;
		};
		4B0223AD1DFB0F0300B447E2 /* PBXTargetDependency */ = {
			isa = PBXTargetDependency;
			target = 4B02238B1DFB0F0300B447E2 /* HelpScout */;
			targetProxy = 4B0223AC1DFB0F0300B447E2 /* PBXContainerItemProxy */;
		};
/* End PBXTargetDependency section */

/* Begin PBXVariantGroup section */
		4B0223931DFB0F0300B447E2 /* Main.storyboard */ = {
			isa = PBXVariantGroup;
			children = (
				4B0223941DFB0F0300B447E2 /* Base */,
			);
			name = Main.storyboard;
			sourceTree = "<group>";
		};
		4B0223981DFB0F0300B447E2 /* LaunchScreen.storyboard */ = {
			isa = PBXVariantGroup;
			children = (
				4B0223991DFB0F0300B447E2 /* Base */,
			);
			name = LaunchScreen.storyboard;
			sourceTree = "<group>";
		};
/* End PBXVariantGroup section */

/* Begin XCBuildConfiguration section */
		4B0223B21DFB0F0300B447E2 /* Debug */ = {
			isa = XCBuildConfiguration;
			buildSettings = {
				ALWAYS_SEARCH_USER_PATHS = NO;
				CLANG_CXX_LANGUAGE_STANDARD = "gnu++0x";
				CLANG_CXX_LIBRARY = "libc++";
				CLANG_ENABLE_MODULES = YES;
				CLANG_ENABLE_OBJC_ARC = YES;
				CLANG_WARN_BOOL_CONVERSION = YES;
				CLANG_WARN_CONSTANT_CONVERSION = YES;
				CLANG_WARN_DIRECT_OBJC_ISA_USAGE = YES_ERROR;
				CLANG_WARN_EMPTY_BODY = YES;
				CLANG_WARN_ENUM_CONVERSION = YES;
				CLANG_WARN_INT_CONVERSION = YES;
				CLANG_WARN_OBJC_ROOT_CLASS = YES_ERROR;
				CLANG_WARN_UNREACHABLE_CODE = YES;
				CLANG_WARN__DUPLICATE_METHOD_MATCH = YES;
				"CODE_SIGN_IDENTITY[sdk=iphoneos*]" = "iPhone Developer";
				COPY_PHASE_STRIP = NO;
				DEBUG_INFORMATION_FORMAT = dwarf;
				ENABLE_STRICT_OBJC_MSGSEND = YES;
				ENABLE_TESTABILITY = YES;
				GCC_C_LANGUAGE_STANDARD = gnu99;
				GCC_DYNAMIC_NO_PIC = NO;
				GCC_NO_COMMON_BLOCKS = YES;
				GCC_OPTIMIZATION_LEVEL = 0;
				GCC_PREPROCESSOR_DEFINITIONS = (
					"DEBUG=1",
					"$(inherited)",
				);
				GCC_WARN_64_TO_32_BIT_CONVERSION = YES;
				GCC_WARN_ABOUT_RETURN_TYPE = YES_ERROR;
				GCC_WARN_UNDECLARED_SELECTOR = YES;
				GCC_WARN_UNINITIALIZED_AUTOS = YES_AGGRESSIVE;
				GCC_WARN_UNUSED_FUNCTION = YES;
				GCC_WARN_UNUSED_VARIABLE = YES;
				IPHONEOS_DEPLOYMENT_TARGET = 9.2;
				MTL_ENABLE_DEBUG_INFO = YES;
				ONLY_ACTIVE_ARCH = YES;
				SDKROOT = iphoneos;
				SWIFT_OPTIMIZATION_LEVEL = "-Onone";
				TARGETED_DEVICE_FAMILY = "1,2";
			};
			name = Debug;
		};
		4B0223B31DFB0F0300B447E2 /* Release */ = {
			isa = XCBuildConfiguration;
			buildSettings = {
				ALWAYS_SEARCH_USER_PATHS = NO;
				CLANG_CXX_LANGUAGE_STANDARD = "gnu++0x";
				CLANG_CXX_LIBRARY = "libc++";
				CLANG_ENABLE_MODULES = YES;
				CLANG_ENABLE_OBJC_ARC = YES;
				CLANG_WARN_BOOL_CONVERSION = YES;
				CLANG_WARN_CONSTANT_CONVERSION = YES;
				CLANG_WARN_DIRECT_OBJC_ISA_USAGE = YES_ERROR;
				CLANG_WARN_EMPTY_BODY = YES;
				CLANG_WARN_ENUM_CONVERSION = YES;
				CLANG_WARN_INT_CONVERSION = YES;
				CLANG_WARN_OBJC_ROOT_CLASS = YES_ERROR;
				CLANG_WARN_UNREACHABLE_CODE = YES;
				CLANG_WARN__DUPLICATE_METHOD_MATCH = YES;
				"CODE_SIGN_IDENTITY[sdk=iphoneos*]" = "iPhone Developer";
				COPY_PHASE_STRIP = NO;
				DEBUG_INFORMATION_FORMAT = "dwarf-with-dsym";
				ENABLE_NS_ASSERTIONS = NO;
				ENABLE_STRICT_OBJC_MSGSEND = YES;
				GCC_C_LANGUAGE_STANDARD = gnu99;
				GCC_NO_COMMON_BLOCKS = YES;
				GCC_WARN_64_TO_32_BIT_CONVERSION = YES;
				GCC_WARN_ABOUT_RETURN_TYPE = YES_ERROR;
				GCC_WARN_UNDECLARED_SELECTOR = YES;
				GCC_WARN_UNINITIALIZED_AUTOS = YES_AGGRESSIVE;
				GCC_WARN_UNUSED_FUNCTION = YES;
				GCC_WARN_UNUSED_VARIABLE = YES;
				IPHONEOS_DEPLOYMENT_TARGET = 9.2;
				MTL_ENABLE_DEBUG_INFO = NO;
				SDKROOT = iphoneos;
				TARGETED_DEVICE_FAMILY = "1,2";
				VALIDATE_PRODUCT = YES;
			};
			name = Release;
		};
		4B0223B51DFB0F0300B447E2 /* Debug */ = {
			isa = XCBuildConfiguration;
			baseConfigurationReference = C12A49026E95AF51AAE5E0F8 /* Pods-HelpScout.debug.xcconfig */;
			buildSettings = {
				ASSETCATALOG_COMPILER_APPICON_NAME = AppIcon;
				CLANG_ENABLE_MODULES = YES;
				CODE_SIGN_IDENTITY = "iPhone Developer";
				INFOPLIST_FILE = HelpScout/Info.plist;
				IPHONEOS_DEPLOYMENT_TARGET = 9.0;
				LD_RUNPATH_SEARCH_PATHS = "$(inherited) @executable_path/Frameworks";
				PRODUCT_BUNDLE_IDENTIFIER = demo.helpscout.HelpScout;
				PRODUCT_NAME = "$(TARGET_NAME)";
				SWIFT_OBJC_BRIDGING_HEADER = "HelpScout/HelpScout-Bridging-Header.h";
				SWIFT_OPTIMIZATION_LEVEL = "-Onone";
			};
			name = Debug;
		};
		4B0223B61DFB0F0300B447E2 /* Release */ = {
			isa = XCBuildConfiguration;
			baseConfigurationReference = 4A5772B94D76C7FC85B56875 /* Pods-HelpScout.release.xcconfig */;
			buildSettings = {
				ASSETCATALOG_COMPILER_APPICON_NAME = AppIcon;
				CLANG_ENABLE_MODULES = YES;
				CODE_SIGN_IDENTITY = "iPhone Developer";
				INFOPLIST_FILE = HelpScout/Info.plist;
				IPHONEOS_DEPLOYMENT_TARGET = 9.0;
				LD_RUNPATH_SEARCH_PATHS = "$(inherited) @executable_path/Frameworks";
				PRODUCT_BUNDLE_IDENTIFIER = demo.helpscout.HelpScout;
				PRODUCT_NAME = "$(TARGET_NAME)";
				SWIFT_OBJC_BRIDGING_HEADER = "HelpScout/HelpScout-Bridging-Header.h";
			};
			name = Release;
		};
		4B0223B81DFB0F0300B447E2 /* Debug */ = {
			isa = XCBuildConfiguration;
			buildSettings = {
				BUNDLE_LOADER = "$(TEST_HOST)";
				CLANG_ENABLE_MODULES = YES;
				INFOPLIST_FILE = HelpScoutTests/Info.plist;
				LD_RUNPATH_SEARCH_PATHS = "$(inherited) @executable_path/Frameworks @loader_path/Frameworks";
				PRODUCT_BUNDLE_IDENTIFIER = demo.helpscout.HelpScoutTests;
				PRODUCT_NAME = "$(TARGET_NAME)";
				SWIFT_OBJC_BRIDGING_HEADER = "HelpScout/HelpScoutTests-Bridging-Header.h";
				SWIFT_OPTIMIZATION_LEVEL = "-Onone";
				TEST_HOST = "$(BUILT_PRODUCTS_DIR)/HelpScout.app/HelpScout";
			};
			name = Debug;
		};
		4B0223B91DFB0F0300B447E2 /* Release */ = {
			isa = XCBuildConfiguration;
			buildSettings = {
				BUNDLE_LOADER = "$(TEST_HOST)";
				CLANG_ENABLE_MODULES = YES;
				INFOPLIST_FILE = HelpScoutTests/Info.plist;
				LD_RUNPATH_SEARCH_PATHS = "$(inherited) @executable_path/Frameworks @loader_path/Frameworks";
				PRODUCT_BUNDLE_IDENTIFIER = demo.helpscout.HelpScoutTests;
				PRODUCT_NAME = "$(TARGET_NAME)";
				SWIFT_OBJC_BRIDGING_HEADER = "HelpScout/HelpScoutTests-Bridging-Header.h";
				TEST_HOST = "$(BUILT_PRODUCTS_DIR)/HelpScout.app/HelpScout";
			};
			name = Release;
		};
		4B0223BB1DFB0F0300B447E2 /* Debug */ = {
			isa = XCBuildConfiguration;
			buildSettings = {
				CLANG_ENABLE_MODULES = YES;
				INFOPLIST_FILE = HelpScoutUITests/Info.plist;
				LD_RUNPATH_SEARCH_PATHS = "$(inherited) @executable_path/Frameworks @loader_path/Frameworks";
				PRODUCT_BUNDLE_IDENTIFIER = demo.helpscout.HelpScoutUITests;
				PRODUCT_NAME = "$(TARGET_NAME)";
				SWIFT_OBJC_BRIDGING_HEADER = "HelpScout/HelpScoutUITests-Bridging-Header.h";
				SWIFT_OPTIMIZATION_LEVEL = "-Onone";
				TEST_TARGET_NAME = HelpScout;
				USES_XCTRUNNER = YES;
			};
			name = Debug;
		};
		4B0223BC1DFB0F0300B447E2 /* Release */ = {
			isa = XCBuildConfiguration;
			buildSettings = {
				CLANG_ENABLE_MODULES = YES;
				INFOPLIST_FILE = HelpScoutUITests/Info.plist;
				LD_RUNPATH_SEARCH_PATHS = "$(inherited) @executable_path/Frameworks @loader_path/Frameworks";
				PRODUCT_BUNDLE_IDENTIFIER = demo.helpscout.HelpScoutUITests;
				PRODUCT_NAME = "$(TARGET_NAME)";
				SWIFT_OBJC_BRIDGING_HEADER = "HelpScout/HelpScoutUITests-Bridging-Header.h";
				TEST_TARGET_NAME = HelpScout;
				USES_XCTRUNNER = YES;
			};
			name = Release;
		};
/* End XCBuildConfiguration section */

/* Begin XCConfigurationList section */
		4B0223871DFB0F0300B447E2 /* Build configuration list for PBXProject "HelpScout" */ = {
			isa = XCConfigurationList;
			buildConfigurations = (
				4B0223B21DFB0F0300B447E2 /* Debug */,
				4B0223B31DFB0F0300B447E2 /* Release */,
			);
			defaultConfigurationIsVisible = 0;
			defaultConfigurationName = Release;
		};
		4B0223B41DFB0F0300B447E2 /* Build configuration list for PBXNativeTarget "HelpScout" */ = {
			isa = XCConfigurationList;
			buildConfigurations = (
				4B0223B51DFB0F0300B447E2 /* Debug */,
				4B0223B61DFB0F0300B447E2 /* Release */,
			);
			defaultConfigurationIsVisible = 0;
			defaultConfigurationName = Release;
		};
		4B0223B71DFB0F0300B447E2 /* Build configuration list for PBXNativeTarget "HelpScoutTests" */ = {
			isa = XCConfigurationList;
			buildConfigurations = (
				4B0223B81DFB0F0300B447E2 /* Debug */,
				4B0223B91DFB0F0300B447E2 /* Release */,
			);
			defaultConfigurationIsVisible = 0;
			defaultConfigurationName = Release;
		};
		4B0223BA1DFB0F0300B447E2 /* Build configuration list for PBXNativeTarget "HelpScoutUITests" */ = {
			isa = XCConfigurationList;
			buildConfigurations = (
				4B0223BB1DFB0F0300B447E2 /* Debug */,
				4B0223BC1DFB0F0300B447E2 /* Release */,
			);
			defaultConfigurationIsVisible = 0;
			defaultConfigurationName = Release;
		};
/* End XCConfigurationList section */
	};
	rootObject = 4B0223841DFB0F0300B447E2 /* Project object */;
}
